
Microsoft Visual Studio Solution File, Format Version 12.00
# Visual Studio Version 17
VisualStudioVersion = 17.12.35527.113 d17.12
MinimumVisualStudioVersion = 10.0.40219.1
Project("{FAE04EC0-301F-11D3-BF4B-00C04F79EFBC}") = "BookManagement.Presentation", "BookManagement.Presentation\BookManagement.Presentation.csproj", "{8CEE7510-40BB-4ED4-9325-D83C4CD4BB8D}"
EndProject
Project("{FAE04EC0-301F-11D3-BF4B-00C04F79EFBC}") = "BookManagement.Models", "BookManagement.Models\BookManagement.Models.csproj", "{22AEA394-DADC-409B-BA9A-663AFBD49FE3}"
EndProject
Project("{FAE04EC0-301F-11D3-BF4B-00C04F79EFBC}") = "BookManagement.Business", "BookManagement.Business\BookManagement.Business.csproj", "{20CF6F5C-0B7C-4158-96C2-94D73521F930}"
EndProject
Global
	GlobalSection(SolutionConfigurationPlatforms) = preSolution
		Debug|Any CPU = Debug|Any CPU
		Release|Any CPU = Release|Any CPU
	EndGlobalSection
	GlobalSection(ProjectConfigurationPlatforms) = postSolution
		{8CEE7510-40BB-4ED4-9325-D83C4CD4BB8D}.Debug|Any CPU.ActiveCfg = Debug|Any CPU
		{8CEE7510-40BB-4ED4-9325-D83C4CD4BB8D}.Debug|Any CPU.Build.0 = Debug|Any CPU
		{8CEE7510-40BB-4ED4-9325-D83C4CD4BB8D}.Release|Any CPU.ActiveCfg = Release|Any CPU
		{8CEE7510-40BB-4ED4-9325-D83C4CD4BB8D}.Release|Any CPU.Build.0 = Release|Any CPU
		{22AEA394-DADC-409B-BA9A-663AFBD49FE3}.Debug|Any CPU.ActiveCfg = Debug|Any CPU
		{22AEA394-DADC-409B-BA9A-663AFBD49FE3}.Debug|Any CPU.Build.0 = Debug|Any CPU
		{22AEA394-DADC-409B-BA9A-663AFBD49FE3}.Release|Any CPU.ActiveCfg = Release|Any CPU
		{22AEA394-DADC-409B-BA9A-663AFBD49FE3}.Release|Any CPU.Build.0 = Release|Any CPU
		{20CF6F5C-0B7C-4158-96C2-94D73521F930}.Debug|Any CPU.ActiveCfg = Debug|Any CPU
		{20CF6F5C-0B7C-4158-96C2-94D73521F930}.Debug|Any CPU.Build.0 = Debug|Any CPU
		{20CF6F5C-0B7C-4158-96C2-94D73521F930}.Release|Any CPU.ActiveCfg = Release|Any CPU
		{20CF6F5C-0B7C-4158-96C2-94D73521F930}.Release|Any CPU.Build.0 = Release|Any CPU
	EndGlobalSection
	GlobalSection(SolutionProperties) = preSolution
		HideSolutionNode = FALSE
	EndGlobalSection
EndGlobal
